<?xml version="1.0" encoding="utf-8"?>
<Project ToolsVersion="4.0" xmlns="http://schemas.microsoft.com/developer/msbuild/2003">
  <ItemGroup>
    <Filter Include="Source Files">
      <UniqueIdentifier>{4FC737F1-C7A5-4376-A066-2A32D752A2FF}</UniqueIdentifier>
      <Extensions>cpp;c;cc;cxx;def;odl;idl;hpj;bat;asm;asmx</Extensions>
    </Filter>
    <Filter Include="Header Files">
      <UniqueIdentifier>{93995380-89BD-4b04-88EB-625FBE52EBFB}</UniqueIdentifier>
      <Extensions>h;hpp;hxx;hm;inl;inc;xsd</Extensions>
    </Filter>
    <Filter Include="Resource Files">
      <UniqueIdentifier>{67DA6AB6-F800-4c08-8B7A-83BB121AAD01}</UniqueIdentifier>
      <Extensions>rc;ico;cur;bmp;dlg;rc2;rct;bin;rgs;gif;jpg;jpeg;jpe;resx;tiff;tif;png;wav;mfcribbon-ms</Extensions>
    </Filter>
  </ItemGroup>
  <ItemGroup>
    <ClInclude Include="Stdafx.h">
      <Filter>Header Files</Filter>
    </ClInclude>
    <ClInclude Include="resource.h">
      <Filter>Header Files</Filter>
    </ClInclude>
    <ClInclude Include="codec2.h">
      <Filter>Header Files</Filter>
    </ClInclude>
    <ClInclude Include="comp.h">
      <Filter>Header Files</Filter>
    </ClInclude>
    <ClInclude Include="quantise.h">
      <Filter>Header Files</Filter>
    </ClInclude>
    <ClInclude Include="defines.h">
      <Filter>Header Files</Filter>
    </ClInclude>
    <ClInclude Include="dump.h">
      <Filter>Header Files</Filter>
    </ClInclude>
    <ClInclude Include="four1.h">
      <Filter>Header Files</Filter>
    </ClInclude>
    <ClInclude Include="globals.h">
      <Filter>Header Files</Filter>
    </ClInclude>
    <ClInclude Include="interp.h">
      <Filter>Header Files</Filter>
    </ClInclude>
    <ClInclude Include="lpc.h">
      <Filter>Header Files</Filter>
    </ClInclude>
    <ClInclude Include="lsp.h">
      <Filter>Header Files</Filter>
    </ClInclude>
    <ClInclude Include="nlp.h">
      <Filter>Header Files</Filter>
    </ClInclude>
    <ClInclude Include="phase.h">
      <Filter>Header Files</Filter>
    </ClInclude>
    <ClInclude Include="postfilter.h">
      <Filter>Header Files</Filter>
    </ClInclude>
    <ClInclude Include="sine.h">
      <Filter>Header Files</Filter>
    </ClInclude>
    <ClInclude Include="fft.h">
      <Filter>Header Files</Filter>
    </ClInclude>
    <ClInclude Include="kiss_fft.h">
      <Filter>Header Files</Filter>
    </ClInclude>
    <ClInclude Include="_kiss_fft_guts.h">
      <Filter>Header Files</Filter>
    </ClInclude>
  </ItemGroup>
  <ItemGroup>
    <ClCompile Include="Codec24Net.cpp">
      <Filter>Source Files</Filter>
    </ClCompile>
    <ClCompile Include="AssemblyInfo.cpp">
      <Filter>Source Files</Filter>
    </ClCompile>
    <ClCompile Include="Stdafx.cpp">
      <Filter>Source Files</Filter>
    </ClCompile>
    <ClCompile Include="codec2.cpp">
      <Filter>Source Files</Filter>
    </ClCompile>
    <ClCompile Include="dump.cpp">
      <Filter>Source Files</Filter>
    </ClCompile>
    <ClCompile Include="four1.cpp">
      <Filter>Source Files</Filter>
    </ClCompile>
    <ClCompile Include="interp.cpp">
      <Filter>Source Files</Filter>
    </ClCompile>
    <ClCompile Include="lpc.cpp">
      <Filter>Source Files</Filter>
    </ClCompile>
    <ClCompile Include="lsp.cpp">
      <Filter>Source Files</Filter>
    </ClCompile>
    <ClCompile Include="nlp.cpp">
      <Filter>Source Files</Filter>
    </ClCompile>
    <ClCompile Include="pack.cpp">
      <Filter>Source Files</Filter>
    </ClCompile>
    <ClCompile Include="phase.cpp">
      <Filter>Source Files</Filter>
    </ClCompile>
    <ClCompile Include="postfilter.cpp">
      <Filter>Source Files</Filter>
    </ClCompile>
    <ClCompile Include="quantise.cpp">
      <Filter>Source Files</Filter>
    </ClCompile>
    <ClCompile Include="sine.cpp">
      <Filter>Source Files</Filter>
    </ClCompile>
    <ClCompile Include="codebook.cpp">
      <Filter>Source Files</Filter>
    </ClCompile>
    <ClCompile Include="codebookd.cpp">
      <Filter>Source Files</Filter>
    </ClCompile>
    <ClCompile Include="codebookdvq.cpp">
      <Filter>Source Files</Filter>
    </ClCompile>
    <ClCompile Include="glottal.cpp">
      <Filter>Source Files</Filter>
    </ClCompile>
    <ClCompile Include="fft.cpp">
      <Filter>Source Files</Filter>
    </ClCompile>
    <ClCompile Include="kiss_fft.cpp">
      <Filter>Source Files</Filter>
    </ClCompile>
    <ClCompile Include="codebookvqanssi.cpp">
      <Filter>Source Files</Filter>
    </ClCompile>
    <ClCompile Include="codebookdt.cpp">
      <Filter>Source Files</Filter>
    </ClCompile>
    <ClCompile Include="codebookge.cpp">
      <Filter>Source Files</Filter>
    </ClCompile>
    <ClCompile Include="codebookjnd.cpp">
      <Filter>Source Files</Filter>
    </ClCompile>
    <ClCompile Include="codebookjvm.cpp">
      <Filter>Source Files</Filter>
    </ClCompile>
    <ClCompile Include="codebookres.cpp">
      <Filter>Source Files</Filter>
    </ClCompile>
    <ClCompile Include="codebookvq.cpp">
      <Filter>Source Files</Filter>
    </ClCompile>
  </ItemGroup>
  <ItemGroup>
    <None Include="ReadMe.txt" />
    <None Include="app.ico">
      <Filter>Resource Files</Filter>
    </None>
  </ItemGroup>
  <ItemGroup>
    <ResourceCompile Include="app.rc">
      <Filter>Resource Files</Filter>
    </ResourceCompile>
  </ItemGroup>
</Project>